
Microsoft Visual Studio Solution File, Format Version 12.00
# Visual Studio 15
Project("{FAE04EC0-301F-11D3-BF4B-00C04F79EFBC}") = "Assembly-CSharp", "Assembly-CSharp.csproj", "{59182500-203B-2FA9-8B88-E7EEDCB62FBA}"
EndProject
Project("{FAE04EC0-301F-11D3-BF4B-00C04F79EFBC}") = "Assembly-CSharp-Editor", "Assembly-CSharp-Editor.csproj", "{4C15D341-00DB-B386-7B68-96CFF4065447}"
EndProject
Global
	GlobalSection(SolutionConfigurationPlatforms) = preSolution
		Debug|Any CPU = Debug|Any CPU
		Release|Any CPU = Release|Any CPU
	EndGlobalSection
	GlobalSection(ProjectConfigurationPlatforms) = postSolution
		{59182500-203B-2FA9-8B88-E7EEDCB62FBA}.Debug|Any CPU.ActiveCfg = Debug|Any CPU
		{59182500-203B-2FA9-8B88-E7EEDCB62FBA}.Debug|Any CPU.Build.0 = Debug|Any CPU
		{59182500-203B-2FA9-8B88-E7EEDCB62FBA}.Release|Any CPU.ActiveCfg = Release|Any CPU
		{59182500-203B-2FA9-8B88-E7EEDCB62FBA}.Release|Any CPU.Build.0 = Release|Any CPU
		{4C15D341-00DB-B386-7B68-96CFF4065447}.Debug|Any CPU.ActiveCfg = Debug|Any CPU
		{4C15D341-00DB-B386-7B68-96CFF4065447}.Debug|Any CPU.Build.0 = Debug|Any CPU
		{4C15D341-00DB-B386-7B68-96CFF4065447}.Release|Any CPU.ActiveCfg = Release|Any CPU
		{4C15D341-00DB-B386-7B68-96CFF4065447}.Release|Any CPU.Build.0 = Release|Any CPU
	EndGlobalSection
	GlobalSection(SolutionProperties) = preSolution
		HideSolutionNode = FALSE
	EndGlobalSection
EndGlobal
